// !$*UTF8*$!
{
	archiveVersion = 1;
	classes = {
	};
	objectVersion = 48;
	objects = {

/* Begin PBXBuildFile section */
		0091604B350DB54D96C9AA9E /* Pods_SampleProjectTests.framework in Frameworks */ = {isa = PBXBuildFile; fileRef = BD61751046404574300DBFB7 /* Pods_SampleProjectTests.framework */; };
		BD297C7D1FD78D1700C2233F /* StoreDetailPresenter.swift in Sources */ = {isa = PBXBuildFile; fileRef = BD297C7C1FD78D1700C2233F /* StoreDetailPresenter.swift */; };
		BD297C7F1FD79A7700C2233F /* StoreDetailCell.swift in Sources */ = {isa = PBXBuildFile; fileRef = BD297C7E1FD79A7700C2233F /* StoreDetailCell.swift */; };
		BD472E281FD7C0460073376C /* StarRatingView.swift in Sources */ = {isa = PBXBuildFile; fileRef = BD472E271FD7C0460073376C /* StarRatingView.swift */; };
		BD8298F41FD7820600B7CDBF /* StoreListCellViewModel.swift in Sources */ = {isa = PBXBuildFile; fileRef = BD8298F31FD7820600B7CDBF /* StoreListCellViewModel.swift */; };
		BD94CA421FD853CD00AE73CE /* AccessInformation.swift in Sources */ = {isa = PBXBuildFile; fileRef = BD94CA411FD853CD00AE73CE /* AccessInformation.swift */; };
		BDEC38821FD6F6C700959063 /* AppDelegate.swift in Sources */ = {isa = PBXBuildFile; fileRef = BDEC38811FD6F6C700959063 /* AppDelegate.swift */; };
		BDEC38971FD6F6C700959063 /* SampleProjectTests.swift in Sources */ = {isa = PBXBuildFile; fileRef = BDEC38961FD6F6C700959063 /* SampleProjectTests.swift */; };
		BDEC38AF1FD6FA3200959063 /* Assets.xcassets in Resources */ = {isa = PBXBuildFile; fileRef = BDEC38AA1FD6FA3200959063 /* Assets.xcassets */; };
		BDEC38B01FD6FA3200959063 /* LaunchScreen.storyboard in Resources */ = {isa = PBXBuildFile; fileRef = BDEC38AB1FD6FA3200959063 /* LaunchScreen.storyboard */; };
		BDEC38B11FD6FA3200959063 /* MainTabBarController.storyboard in Resources */ = {isa = PBXBuildFile; fileRef = BDEC38AD1FD6FA3200959063 /* MainTabBarController.storyboard */; };
		BDEDE7851FD7125100A1A0E1 /* StoreListViewController.storyboard in Resources */ = {isa = PBXBuildFile; fileRef = BDEDE7841FD7125100A1A0E1 /* StoreListViewController.storyboard */; };
		BDEDE7871FD7127300A1A0E1 /* StoreDetailViewController.storyboard in Resources */ = {isa = PBXBuildFile; fileRef = BDEDE7861FD7127300A1A0E1 /* StoreDetailViewController.storyboard */; };
		BDEDE7891FD7129F00A1A0E1 /* StoreListViewController.swift in Sources */ = {isa = PBXBuildFile; fileRef = BDEDE7881FD7129F00A1A0E1 /* StoreListViewController.swift */; };
		BDEDE78B1FD712A800A1A0E1 /* StoreDetailViewController.swift in Sources */ = {isa = PBXBuildFile; fileRef = BDEDE78A1FD712A800A1A0E1 /* StoreDetailViewController.swift */; };
		BDEDE78D1FD715E900A1A0E1 /* MainTabBarController.swift in Sources */ = {isa = PBXBuildFile; fileRef = BDEDE78C1FD715E900A1A0E1 /* MainTabBarController.swift */; };
		BDEDE7901FD717F400A1A0E1 /* BaseViewController.swift in Sources */ = {isa = PBXBuildFile; fileRef = BDEDE78F1FD717F400A1A0E1 /* BaseViewController.swift */; };
		BDEDE7921FD7187700A1A0E1 /* BasePresenterType.swift in Sources */ = {isa = PBXBuildFile; fileRef = BDEDE7911FD7187700A1A0E1 /* BasePresenterType.swift */; };
		BDEDE7941FD718B500A1A0E1 /* StoreListPresenter.swift in Sources */ = {isa = PBXBuildFile; fileRef = BDEDE7931FD718B500A1A0E1 /* StoreListPresenter.swift */; };
		BDEDE7961FD718C600A1A0E1 /* StoreListCell.swift in Sources */ = {isa = PBXBuildFile; fileRef = BDEDE7951FD718C600A1A0E1 /* StoreListCell.swift */; };
		BDEDE7981FD71C1E00A1A0E1 /* ServiceResult.swift in Sources */ = {isa = PBXBuildFile; fileRef = BDEDE7971FD71C1E00A1A0E1 /* ServiceResult.swift */; };
		BDEDE79A1FD71C7B00A1A0E1 /* StoreService.swift in Sources */ = {isa = PBXBuildFile; fileRef = BDEDE7991FD71C7B00A1A0E1 /* StoreService.swift */; };
		BDEDE79C1FD71E6300A1A0E1 /* LocationService.swift in Sources */ = {isa = PBXBuildFile; fileRef = BDEDE79B1FD71E6300A1A0E1 /* LocationService.swift */; };
		BDEDE7A21FD733F500A1A0E1 /* StoreType.swift in Sources */ = {isa = PBXBuildFile; fileRef = BDEDE7A11FD733F500A1A0E1 /* StoreType.swift */; };
		BDEDE7A41FD73BF100A1A0E1 /* Business.swift in Sources */ = {isa = PBXBuildFile; fileRef = BDEDE7A31FD73BF100A1A0E1 /* Business.swift */; };
		DA3FC582AF1C809E6537D0C5 /* Pods_SampleProject.framework in Frameworks */ = {isa = PBXBuildFile; fileRef = C62EE507882F838290DC1AA3 /* Pods_SampleProject.framework */; };
/* End PBXBuildFile section */

/* Begin PBXContainerItemProxy section */
		BDEC38931FD6F6C700959063 /* PBXContainerItemProxy */ = {
			isa = PBXContainerItemProxy;
			containerPortal = BDEC38761FD6F6C700959063 /* Project object */;
			proxyType = 1;
			remoteGlobalIDString = BDEC387D1FD6F6C700959063;
			remoteInfo = SampleProject;
		};
/* End PBXContainerItemProxy section */

/* Begin PBXFileReference section */
		83B55B16218636F58BA3930E /* Pods-SampleProjectTests.debug.xcconfig */ = {isa = PBXFileReference; includeInIndex = 1; lastKnownFileType = text.xcconfig; name = "Pods-SampleProjectTests.debug.xcconfig"; path = "Pods/Target Support Files/Pods-SampleProjectTests/Pods-SampleProjectTests.debug.xcconfig"; sourceTree = "<group>"; };
		9D7A0E63193CB69952EF136A /* Pods-SampleProject.release.xcconfig */ = {isa = PBXFileReference; includeInIndex = 1; lastKnownFileType = text.xcconfig; name = "Pods-SampleProject.release.xcconfig"; path = "Pods/Target Support Files/Pods-SampleProject/Pods-SampleProject.release.xcconfig"; sourceTree = "<group>"; };
		BD297C7C1FD78D1700C2233F /* StoreDetailPresenter.swift */ = {isa = PBXFileReference; lastKnownFileType = sourcecode.swift; path = StoreDetailPresenter.swift; sourceTree = "<group>"; };
		BD297C7E1FD79A7700C2233F /* StoreDetailCell.swift */ = {isa = PBXFileReference; lastKnownFileType = sourcecode.swift; path = StoreDetailCell.swift; sourceTree = "<group>"; };
		BD472E271FD7C0460073376C /* StarRatingView.swift */ = {isa = PBXFileReference; lastKnownFileType = sourcecode.swift; path = StarRatingView.swift; sourceTree = "<group>"; };
		BD61751046404574300DBFB7 /* Pods_SampleProjectTests.framework */ = {isa = PBXFileReference; explicitFileType = wrapper.framework; includeInIndex = 0; path = Pods_SampleProjectTests.framework; sourceTree = BUILT_PRODUCTS_DIR; };
		BD8298F31FD7820600B7CDBF /* StoreListCellViewModel.swift */ = {isa = PBXFileReference; lastKnownFileType = sourcecode.swift; path = StoreListCellViewModel.swift; sourceTree = "<group>"; };
		BD94CA411FD853CD00AE73CE /* AccessInformation.swift */ = {isa = PBXFileReference; lastKnownFileType = sourcecode.swift; path = AccessInformation.swift; sourceTree = "<group>"; };
		BDEC387E1FD6F6C700959063 /* SampleProject.app */ = {isa = PBXFileReference; explicitFileType = wrapper.application; includeInIndex = 0; path = SampleProject.app; sourceTree = BUILT_PRODUCTS_DIR; };
		BDEC38811FD6F6C700959063 /* AppDelegate.swift */ = {isa = PBXFileReference; lastKnownFileType = sourcecode.swift; path = AppDelegate.swift; sourceTree = "<group>"; };
		BDEC388D1FD6F6C700959063 /* Info.plist */ = {isa = PBXFileReference; lastKnownFileType = text.plist.xml; path = Info.plist; sourceTree = "<group>"; };
		BDEC38921FD6F6C700959063 /* SampleProjectTests.xctest */ = {isa = PBXFileReference; explicitFileType = wrapper.cfbundle; includeInIndex = 0; path = SampleProjectTests.xctest; sourceTree = BUILT_PRODUCTS_DIR; };
		BDEC38961FD6F6C700959063 /* SampleProjectTests.swift */ = {isa = PBXFileReference; lastKnownFileType = sourcecode.swift; path = SampleProjectTests.swift; sourceTree = "<group>"; };
		BDEC38981FD6F6C700959063 /* Info.plist */ = {isa = PBXFileReference; lastKnownFileType = text.plist.xml; path = Info.plist; sourceTree = "<group>"; };
		BDEC38AA1FD6FA3200959063 /* Assets.xcassets */ = {isa = PBXFileReference; lastKnownFileType = folder.assetcatalog; path = Assets.xcassets; sourceTree = "<group>"; };
		BDEC38AC1FD6FA3200959063 /* Base */ = {isa = PBXFileReference; lastKnownFileType = file.storyboard; name = Base; path = Base.lproj/LaunchScreen.storyboard; sourceTree = "<group>"; };
		BDEC38AE1FD6FA3200959063 /* Base */ = {isa = PBXFileReference; lastKnownFileType = file.storyboard; name = Base; path = Base.lproj/MainTabBarController.storyboard; sourceTree = "<group>"; };
		BDEDE7841FD7125100A1A0E1 /* StoreListViewController.storyboard */ = {isa = PBXFileReference; lastKnownFileType = file.storyboard; path = StoreListViewController.storyboard; sourceTree = "<group>"; };
		BDEDE7861FD7127300A1A0E1 /* StoreDetailViewController.storyboard */ = {isa = PBXFileReference; lastKnownFileType = file.storyboard; path = StoreDetailViewController.storyboard; sourceTree = "<group>"; };
		BDEDE7881FD7129F00A1A0E1 /* StoreListViewController.swift */ = {isa = PBXFileReference; lastKnownFileType = sourcecode.swift; path = StoreListViewController.swift; sourceTree = "<group>"; };
		BDEDE78A1FD712A800A1A0E1 /* StoreDetailViewController.swift */ = {isa = PBXFileReference; lastKnownFileType = sourcecode.swift; path = StoreDetailViewController.swift; sourceTree = "<group>"; };
		BDEDE78C1FD715E900A1A0E1 /* MainTabBarController.swift */ = {isa = PBXFileReference; lastKnownFileType = sourcecode.swift; path = MainTabBarController.swift; sourceTree = "<group>"; };
		BDEDE78F1FD717F400A1A0E1 /* BaseViewController.swift */ = {isa = PBXFileReference; lastKnownFileType = sourcecode.swift; path = BaseViewController.swift; sourceTree = "<group>"; };
		BDEDE7911FD7187700A1A0E1 /* BasePresenterType.swift */ = {isa = PBXFileReference; lastKnownFileType = sourcecode.swift; path = BasePresenterType.swift; sourceTree = "<group>"; };
		BDEDE7931FD718B500A1A0E1 /* StoreListPresenter.swift */ = {isa = PBXFileReference; lastKnownFileType = sourcecode.swift; path = StoreListPresenter.swift; sourceTree = "<group>"; };
		BDEDE7951FD718C600A1A0E1 /* StoreListCell.swift */ = {isa = PBXFileReference; lastKnownFileType = sourcecode.swift; path = StoreListCell.swift; sourceTree = "<group>"; };
		BDEDE7971FD71C1E00A1A0E1 /* ServiceResult.swift */ = {isa = PBXFileReference; lastKnownFileType = sourcecode.swift; path = ServiceResult.swift; sourceTree = "<group>"; };
		BDEDE7991FD71C7B00A1A0E1 /* StoreService.swift */ = {isa = PBXFileReference; lastKnownFileType = sourcecode.swift; path = StoreService.swift; sourceTree = "<group>"; };
		BDEDE79B1FD71E6300A1A0E1 /* LocationService.swift */ = {isa = PBXFileReference; lastKnownFileType = sourcecode.swift; path = LocationService.swift; sourceTree = "<group>"; };
		BDEDE7A11FD733F500A1A0E1 /* StoreType.swift */ = {isa = PBXFileReference; lastKnownFileType = sourcecode.swift; path = StoreType.swift; sourceTree = "<group>"; };
		BDEDE7A31FD73BF100A1A0E1 /* Business.swift */ = {isa = PBXFileReference; lastKnownFileType = sourcecode.swift; path = Business.swift; sourceTree = "<group>"; };
		C62EE507882F838290DC1AA3 /* Pods_SampleProject.framework */ = {isa = PBXFileReference; explicitFileType = wrapper.framework; includeInIndex = 0; path = Pods_SampleProject.framework; sourceTree = BUILT_PRODUCTS_DIR; };
		E41DE44F718E1BE133CA1D10 /* Pods-SampleProjectTests.release.xcconfig */ = {isa = PBXFileReference; includeInIndex = 1; lastKnownFileType = text.xcconfig; name = "Pods-SampleProjectTests.release.xcconfig"; path = "Pods/Target Support Files/Pods-SampleProjectTests/Pods-SampleProjectTests.release.xcconfig"; sourceTree = "<group>"; };
		F29BD2E4BAB5F2534667D8DE /* Pods-SampleProject.debug.xcconfig */ = {isa = PBXFileReference; includeInIndex = 1; lastKnownFileType = text.xcconfig; name = "Pods-SampleProject.debug.xcconfig"; path = "Pods/Target Support Files/Pods-SampleProject/Pods-SampleProject.debug.xcconfig"; sourceTree = "<group>"; };
/* End PBXFileReference section */

/* Begin PBXFrameworksBuildPhase section */
		BDEC387B1FD6F6C700959063 /* Frameworks */ = {
			isa = PBXFrameworksBuildPhase;
			buildActionMask = 2147483647;
			files = (
				DA3FC582AF1C809E6537D0C5 /* Pods_SampleProject.framework in Frameworks */,
			);
			runOnlyForDeploymentPostprocessing = 0;
		};
		BDEC388F1FD6F6C700959063 /* Frameworks */ = {
			isa = PBXFrameworksBuildPhase;
			buildActionMask = 2147483647;
			files = (
				0091604B350DB54D96C9AA9E /* Pods_SampleProjectTests.framework in Frameworks */,
			);
			runOnlyForDeploymentPostprocessing = 0;
		};
/* End PBXFrameworksBuildPhase section */

/* Begin PBXGroup section */
		0980FAE807A073E4B10AEF33 /* Frameworks */ = {
			isa = PBXGroup;
			children = (
				C62EE507882F838290DC1AA3 /* Pods_SampleProject.framework */,
				BD61751046404574300DBFB7 /* Pods_SampleProjectTests.framework */,
			);
			name = Frameworks;
			sourceTree = "<group>";
		};
		BDEC38751FD6F6C700959063 = {
			isa = PBXGroup;
			children = (
				BDEC38801FD6F6C700959063 /* SampleProject */,
				BDEC38951FD6F6C700959063 /* SampleProjectTests */,
				BDEC387F1FD6F6C700959063 /* Products */,
				FEE5587D7EB554AC0122D37B /* Pods */,
				0980FAE807A073E4B10AEF33 /* Frameworks */,
			);
			sourceTree = "<group>";
		};
		BDEC387F1FD6F6C700959063 /* Products */ = {
			isa = PBXGroup;
			children = (
				BDEC387E1FD6F6C700959063 /* SampleProject.app */,
				BDEC38921FD6F6C700959063 /* SampleProjectTests.xctest */,
			);
			name = Products;
			sourceTree = "<group>";
		};
		BDEC38801FD6F6C700959063 /* SampleProject */ = {
			isa = PBXGroup;
			children = (
				BDEC38A91FD6FA3200959063 /* Resources */,
				BDEC38A21FD6F92A00959063 /* Sources */,
				BDEC38A41FD6F99200959063 /* Supporting Files */,
			);
			path = SampleProject;
			sourceTree = "<group>";
		};
		BDEC38951FD6F6C700959063 /* SampleProjectTests */ = {
			isa = PBXGroup;
			children = (
				BDEC38961FD6F6C700959063 /* SampleProjectTests.swift */,
				BDEC38981FD6F6C700959063 /* Info.plist */,
			);
			path = SampleProjectTests;
			sourceTree = "<group>";
		};
		BDEC38A21FD6F92A00959063 /* Sources */ = {
			isa = PBXGroup;
			children = (
				BDEC38811FD6F6C700959063 /* AppDelegate.swift */,
				BDEDE7A11FD733F500A1A0E1 /* StoreType.swift */,
				BDEC38A51FD6F9B700959063 /* Module */,
				BDEC38A61FD6F9BF00959063 /* Model */,
				BDEC38A71FD6F9C400959063 /* Service */,
				BDEC38A81FD6F9D600959063 /* Extensions */,
			);
			path = Sources;
			sourceTree = "<group>";
		};
		BDEC38A41FD6F99200959063 /* Supporting Files */ = {
			isa = PBXGroup;
			children = (
				BDEC388D1FD6F6C700959063 /* Info.plist */,
			);
			path = "Supporting Files";
			sourceTree = "<group>";
		};
		BDEC38A51FD6F9B700959063 /* Module */ = {
			isa = PBXGroup;
			children = (
				BDEDE78E1FD717E600A1A0E1 /* Base */,
				BDEDE7811FD6FBDA00A1A0E1 /* MainTabBar */,
				BDEDE7821FD6FBDF00A1A0E1 /* StoreList */,
				BDEDE7831FD6FC1400A1A0E1 /* StoreDetail */,
			);
			path = Module;
			sourceTree = "<group>";
		};
		BDEC38A61FD6F9BF00959063 /* Model */ = {
			isa = PBXGroup;
			children = (
				BDEDE7A31FD73BF100A1A0E1 /* Business.swift */,
				BD94CA411FD853CD00AE73CE /* AccessInformation.swift */,
			);
			path = Model;
			sourceTree = "<group>";
		};
		BDEC38A71FD6F9C400959063 /* Service */ = {
			isa = PBXGroup;
			children = (
				BDEDE7971FD71C1E00A1A0E1 /* ServiceResult.swift */,
				BDEDE7991FD71C7B00A1A0E1 /* StoreService.swift */,
				BDEDE79B1FD71E6300A1A0E1 /* LocationService.swift */,
			);
			path = Service;
			sourceTree = "<group>";
		};
		BDEC38A81FD6F9D600959063 /* Extensions */ = {
			isa = PBXGroup;
			children = (
				BD472E271FD7C0460073376C /* StarRatingView.swift */,
			);
			path = Extensions;
			sourceTree = "<group>";
		};
		BDEC38A91FD6FA3200959063 /* Resources */ = {
			isa = PBXGroup;
			children = (
				BDEC38AA1FD6FA3200959063 /* Assets.xcassets */,
				BDEC38AB1FD6FA3200959063 /* LaunchScreen.storyboard */,
				BDEC38AD1FD6FA3200959063 /* MainTabBarController.storyboard */,
				BDEDE7841FD7125100A1A0E1 /* StoreListViewController.storyboard */,
				BDEDE7861FD7127300A1A0E1 /* StoreDetailViewController.storyboard */,
			);
			path = Resources;
			sourceTree = "<group>";
		};
		BDEDE7811FD6FBDA00A1A0E1 /* MainTabBar */ = {
			isa = PBXGroup;
			children = (
				BDEDE78C1FD715E900A1A0E1 /* MainTabBarController.swift */,
			);
			path = MainTabBar;
			sourceTree = "<group>";
		};
		BDEDE7821FD6FBDF00A1A0E1 /* StoreList */ = {
			isa = PBXGroup;
			children = (
				BDEDE7951FD718C600A1A0E1 /* StoreListCell.swift */,
				BD8298F31FD7820600B7CDBF /* StoreListCellViewModel.swift */,
				BDEDE7881FD7129F00A1A0E1 /* StoreListViewController.swift */,
				BDEDE7931FD718B500A1A0E1 /* StoreListPresenter.swift */,
			);
			path = StoreList;
			sourceTree = "<group>";
		};
		BDEDE7831FD6FC1400A1A0E1 /* StoreDetail */ = {
			isa = PBXGroup;
			children = (
				BD297C7E1FD79A7700C2233F /* StoreDetailCell.swift */,
				BDEDE78A1FD712A800A1A0E1 /* StoreDetailViewController.swift */,
				BD297C7C1FD78D1700C2233F /* StoreDetailPresenter.swift */,
			);
			path = StoreDetail;
			sourceTree = "<group>";
		};
		BDEDE78E1FD717E600A1A0E1 /* Base */ = {
			isa = PBXGroup;
			children = (
				BDEDE78F1FD717F400A1A0E1 /* BaseViewController.swift */,
				BDEDE7911FD7187700A1A0E1 /* BasePresenterType.swift */,
			);
			path = Base;
			sourceTree = "<group>";
		};
		FEE5587D7EB554AC0122D37B /* Pods */ = {
			isa = PBXGroup;
			children = (
				F29BD2E4BAB5F2534667D8DE /* Pods-SampleProject.debug.xcconfig */,
				9D7A0E63193CB69952EF136A /* Pods-SampleProject.release.xcconfig */,
				83B55B16218636F58BA3930E /* Pods-SampleProjectTests.debug.xcconfig */,
				E41DE44F718E1BE133CA1D10 /* Pods-SampleProjectTests.release.xcconfig */,
			);
			name = Pods;
			sourceTree = "<group>";
		};
/* End PBXGroup section */

/* Begin PBXNativeTarget section */
		BDEC387D1FD6F6C700959063 /* SampleProject */ = {
			isa = PBXNativeTarget;
			buildConfigurationList = BDEC389B1FD6F6C700959063 /* Build configuration list for PBXNativeTarget "SampleProject" */;
			buildPhases = (
				535CA7A5D270D40F23C17E7A /* [CP] Check Pods Manifest.lock */,
				BDEC387A1FD6F6C700959063 /* Sources */,
				BDEC387B1FD6F6C700959063 /* Frameworks */,
				BDEC387C1FD6F6C700959063 /* Resources */,
				84C30ACF9B66CBFB0C1E3182 /* [CP] Embed Pods Frameworks */,
				FD893EBEF89525CE7483EC4A /* [CP] Copy Pods Resources */,
			);
			buildRules = (
			);
			dependencies = (
			);
			name = SampleProject;
			productName = SampleProject;
			productReference = BDEC387E1FD6F6C700959063 /* SampleProject.app */;
			productType = "com.apple.product-type.application";
		};
		BDEC38911FD6F6C700959063 /* SampleProjectTests */ = {
			isa = PBXNativeTarget;
			buildConfigurationList = BDEC389E1FD6F6C700959063 /* Build configuration list for PBXNativeTarget "SampleProjectTests" */;
			buildPhases = (
				2670732F93D877B98D07F1AB /* [CP] Check Pods Manifest.lock */,
				BDEC388E1FD6F6C700959063 /* Sources */,
				BDEC388F1FD6F6C700959063 /* Frameworks */,
				BDEC38901FD6F6C700959063 /* Resources */,
				77A1840BD66A7C48F2845D25 /* [CP] Embed Pods Frameworks */,
				F30C1403B8211A8601FE5A68 /* [CP] Copy Pods Resources */,
			);
			buildRules = (
			);
			dependencies = (
				BDEC38941FD6F6C700959063 /* PBXTargetDependency */,
			);
			name = SampleProjectTests;
			productName = SampleProjectTests;
			productReference = BDEC38921FD6F6C700959063 /* SampleProjectTests.xctest */;
			productType = "com.apple.product-type.bundle.unit-test";
		};
/* End PBXNativeTarget section */

/* Begin PBXProject section */
		BDEC38761FD6F6C700959063 /* Project object */ = {
			isa = PBXProject;
			attributes = {
				LastSwiftUpdateCheck = 0900;
				LastUpgradeCheck = 0900;
				ORGANIZATIONNAME = "Ted Kim";
				TargetAttributes = {
					BDEC387D1FD6F6C700959063 = {
						CreatedOnToolsVersion = 9.0.1;
						ProvisioningStyle = Automatic;
					};
					BDEC38911FD6F6C700959063 = {
						CreatedOnToolsVersion = 9.0.1;
						ProvisioningStyle = Automatic;
						TestTargetID = BDEC387D1FD6F6C700959063;
					};
				};
			};
			buildConfigurationList = BDEC38791FD6F6C700959063 /* Build configuration list for PBXProject "SampleProject" */;
			compatibilityVersion = "Xcode 8.0";
			developmentRegion = en;
			hasScannedForEncodings = 0;
			knownRegions = (
				en,
				Base,
			);
			mainGroup = BDEC38751FD6F6C700959063;
			productRefGroup = BDEC387F1FD6F6C700959063 /* Products */;
			projectDirPath = "";
			projectRoot = "";
			targets = (
				BDEC387D1FD6F6C700959063 /* SampleProject */,
				BDEC38911FD6F6C700959063 /* SampleProjectTests */,
			);
		};
/* End PBXProject section */

/* Begin PBXResourcesBuildPhase section */
		BDEC387C1FD6F6C700959063 /* Resources */ = {
			isa = PBXResourcesBuildPhase;
			buildActionMask = 2147483647;
			files = (
				BDEDE7851FD7125100A1A0E1 /* StoreListViewController.storyboard in Resources */,
				BDEC38B11FD6FA3200959063 /* MainTabBarController.storyboard in Resources */,
				BDEC38AF1FD6FA3200959063 /* Assets.xcassets in Resources */,
				BDEDE7871FD7127300A1A0E1 /* StoreDetailViewController.storyboard in Resources */,
				BDEC38B01FD6FA3200959063 /* LaunchScreen.storyboard in Resources */,
			);
			runOnlyForDeploymentPostprocessing = 0;
		};
		BDEC38901FD6F6C700959063 /* Resources */ = {
			isa = PBXResourcesBuildPhase;
			buildActionMask = 2147483647;
			files = (
			);
			runOnlyForDeploymentPostprocessing = 0;
		};
/* End PBXResourcesBuildPhase section */

/* Begin PBXShellScriptBuildPhase section */
		2670732F93D877B98D07F1AB /* [CP] Check Pods Manifest.lock */ = {
			isa = PBXShellScriptBuildPhase;
			buildActionMask = 2147483647;
			files = (
			);
			inputPaths = (
			);
			name = "[CP] Check Pods Manifest.lock";
			outputPaths = (
			);
			runOnlyForDeploymentPostprocessing = 0;
			shellPath = /bin/sh;
			shellScript = "diff \"${PODS_PODFILE_DIR_PATH}/Podfile.lock\" \"${PODS_ROOT}/Manifest.lock\" > /dev/null\nif [ $? != 0 ] ; then\n    # print error to STDERR\n    echo \"error: The sandbox is not in sync with the Podfile.lock. Run 'pod install' or update your CocoaPods installation.\" >&2\n    exit 1\nfi\n";
			showEnvVarsInLog = 0;
		};
		535CA7A5D270D40F23C17E7A /* [CP] Check Pods Manifest.lock */ = {
			isa = PBXShellScriptBuildPhase;
			buildActionMask = 2147483647;
			files = (
			);
			inputPaths = (
			);
			name = "[CP] Check Pods Manifest.lock";
			outputPaths = (
			);
			runOnlyForDeploymentPostprocessing = 0;
			shellPath = /bin/sh;
			shellScript = "diff \"${PODS_PODFILE_DIR_PATH}/Podfile.lock\" \"${PODS_ROOT}/Manifest.lock\" > /dev/null\nif [ $? != 0 ] ; then\n    # print error to STDERR\n    echo \"error: The sandbox is not in sync with the Podfile.lock. Run 'pod install' or update your CocoaPods installation.\" >&2\n    exit 1\nfi\n";
			showEnvVarsInLog = 0;
		};
		77A1840BD66A7C48F2845D25 /* [CP] Embed Pods Frameworks */ = {
			isa = PBXShellScriptBuildPhase;
			buildActionMask = 2147483647;
			files = (
			);
			inputPaths = (
			);
			name = "[CP] Embed Pods Frameworks";
			outputPaths = (
			);
			runOnlyForDeploymentPostprocessing = 0;
			shellPath = /bin/sh;
			shellScript = "\"${SRCROOT}/Pods/Target Support Files/Pods-SampleProjectTests/Pods-SampleProjectTests-frameworks.sh\"\n";
			showEnvVarsInLog = 0;
		};
		84C30ACF9B66CBFB0C1E3182 /* [CP] Embed Pods Frameworks */ = {
			isa = PBXShellScriptBuildPhase;
			buildActionMask = 2147483647;
			files = (
			);
			inputPaths = (
			);
			name = "[CP] Embed Pods Frameworks";
			outputPaths = (
			);
			runOnlyForDeploymentPostprocessing = 0;
			shellPath = /bin/sh;
			shellScript = "\"${SRCROOT}/Pods/Target Support Files/Pods-SampleProject/Pods-SampleProject-frameworks.sh\"\n";
			showEnvVarsInLog = 0;
		};
		F30C1403B8211A8601FE5A68 /* [CP] Copy Pods Resources */ = {
			isa = PBXShellScriptBuildPhase;
			buildActionMask = 2147483647;
			files = (
			);
			inputPaths = (
			);
			name = "[CP] Copy Pods Resources";
			outputPaths = (
			);
			runOnlyForDeploymentPostprocessing = 0;
			shellPath = /bin/sh;
			shellScript = "\"${SRCROOT}/Pods/Target Support Files/Pods-SampleProjectTests/Pods-SampleProjectTests-resources.sh\"\n";
			showEnvVarsInLog = 0;
		};
		FD893EBEF89525CE7483EC4A /* [CP] Copy Pods Resources */ = {
			isa = PBXShellScriptBuildPhase;
			buildActionMask = 2147483647;
			files = (
			);
			inputPaths = (
			);
			name = "[CP] Copy Pods Resources";
			outputPaths = (
			);
			runOnlyForDeploymentPostprocessing = 0;
			shellPath = /bin/sh;
			shellScript = "\"${SRCROOT}/Pods/Target Support Files/Pods-SampleProject/Pods-SampleProject-resources.sh\"\n";
			showEnvVarsInLog = 0;
		};
/* End PBXShellScriptBuildPhase section */

/* Begin PBXSourcesBuildPhase section */
		BDEC387A1FD6F6C700959063 /* Sources */ = {
			isa = PBXSourcesBuildPhase;
			buildActionMask = 2147483647;
			files = (
				BD297C7F1FD79A7700C2233F /* StoreDetailCell.swift in Sources */,
				BD8298F41FD7820600B7CDBF /* StoreListCellViewModel.swift in Sources */,
				BDEDE7901FD717F400A1A0E1 /* BaseViewController.swift in Sources */,
				BDEDE7A41FD73BF100A1A0E1 /* Business.swift in Sources */,
				BDEDE7921FD7187700A1A0E1 /* BasePresenterType.swift in Sources */,
				BDEDE78B1FD712A800A1A0E1 /* StoreDetailViewController.swift in Sources */,
				BDEDE7891FD7129F00A1A0E1 /* StoreListViewController.swift in Sources */,
				BDEDE7941FD718B500A1A0E1 /* StoreListPresenter.swift in Sources */,
				BDEDE7981FD71C1E00A1A0E1 /* ServiceResult.swift in Sources */,
				BDEDE79C1FD71E6300A1A0E1 /* LocationService.swift in Sources */,
				BDEDE78D1FD715E900A1A0E1 /* MainTabBarController.swift in Sources */,
				BD297C7D1FD78D1700C2233F /* StoreDetailPresenter.swift in Sources */,
				BDEC38821FD6F6C700959063 /* AppDelegate.swift in Sources */,
				BDEDE7961FD718C600A1A0E1 /* StoreListCell.swift in Sources */,
				BDEDE7A21FD733F500A1A0E1 /* StoreType.swift in Sources */,
				BDEDE79A1FD71C7B00A1A0E1 /* StoreService.swift in Sources */,
				BD94CA421FD853CD00AE73CE /* AccessInformation.swift in Sources */,
				BD472E281FD7C0460073376C /* StarRatingView.swift in Sources */,
			);
			runOnlyForDeploymentPostprocessing = 0;
		};
		BDEC388E1FD6F6C700959063 /* Sources */ = {
			isa = PBXSourcesBuildPhase;
			buildActionMask = 2147483647;
			files = (
				BDEC38971FD6F6C700959063 /* SampleProjectTests.swift in Sources */,
			);
			runOnlyForDeploymentPostprocessing = 0;
		};
/* End PBXSourcesBuildPhase section */

/* Begin PBXTargetDependency section */
		BDEC38941FD6F6C700959063 /* PBXTargetDependency */ = {
			isa = PBXTargetDependency;
			target = BDEC387D1FD6F6C700959063 /* SampleProject */;
			targetProxy = BDEC38931FD6F6C700959063 /* PBXContainerItemProxy */;
		};
/* End PBXTargetDependency section */

/* Begin PBXVariantGroup section */
		BDEC38AB1FD6FA3200959063 /* LaunchScreen.storyboard */ = {
			isa = PBXVariantGroup;
			children = (
				BDEC38AC1FD6FA3200959063 /* Base */,
			);
			name = LaunchScreen.storyboard;
			sourceTree = "<group>";
		};
		BDEC38AD1FD6FA3200959063 /* MainTabBarController.storyboard */ = {
			isa = PBXVariantGroup;
			children = (
				BDEC38AE1FD6FA3200959063 /* Base */,
			);
			name = MainTabBarController.storyboard;
			sourceTree = "<group>";
		};
/* End PBXVariantGroup section */

/* Begin XCBuildConfiguration section */
		BDEC38991FD6F6C700959063 /* Debug */ = {
			isa = XCBuildConfiguration;
			buildSettings = {
				ALWAYS_SEARCH_USER_PATHS = NO;
				CLANG_ANALYZER_NONNULL = YES;
				CLANG_ANALYZER_NUMBER_OBJECT_CONVERSION = YES_AGGRESSIVE;
				CLANG_CXX_LANGUAGE_STANDARD = "gnu++14";
				CLANG_CXX_LIBRARY = "libc++";
				CLANG_ENABLE_MODULES = YES;
				CLANG_ENABLE_OBJC_ARC = YES;
				CLANG_WARN_BLOCK_CAPTURE_AUTORELEASING = YES;
				CLANG_WARN_BOOL_CONVERSION = YES;
				CLANG_WARN_COMMA = YES;
				CLANG_WARN_CONSTANT_CONVERSION = YES;
				CLANG_WARN_DIRECT_OBJC_ISA_USAGE = YES_ERROR;
				CLANG_WARN_DOCUMENTATION_COMMENTS = YES;
				CLANG_WARN_EMPTY_BODY = YES;
				CLANG_WARN_ENUM_CONVERSION = YES;
				CLANG_WARN_INFINITE_RECURSION = YES;
				CLANG_WARN_INT_CONVERSION = YES;
				CLANG_WARN_NON_LITERAL_NULL_CONVERSION = YES;
				CLANG_WARN_OBJC_LITERAL_CONVERSION = YES;
				CLANG_WARN_OBJC_ROOT_CLASS = YES_ERROR;
				CLANG_WARN_RANGE_LOOP_ANALYSIS = YES;
				CLANG_WARN_STRICT_PROTOTYPES = YES;
				CLANG_WARN_SUSPICIOUS_MOVE = YES;
				CLANG_WARN_UNGUARDED_AVAILABILITY = YES_AGGRESSIVE;
				CLANG_WARN_UNREACHABLE_CODE = YES;
				CLANG_WARN__DUPLICATE_METHOD_MATCH = YES;
				CODE_SIGN_IDENTITY = "iPhone Developer";
				COPY_PHASE_STRIP = NO;
				DEBUG_INFORMATION_FORMAT = dwarf;
				ENABLE_STRICT_OBJC_MSGSEND = YES;
				ENABLE_TESTABILITY = YES;
				GCC_C_LANGUAGE_STANDARD = gnu11;
				GCC_DYNAMIC_NO_PIC = NO;
				GCC_NO_COMMON_BLOCKS = YES;
				GCC_OPTIMIZATION_LEVEL = 0;
				GCC_PREPROCESSOR_DEFINITIONS = (
					"DEBUG=1",
					"$(inherited)",
				);
				GCC_WARN_64_TO_32_BIT_CONVERSION = YES;
				GCC_WARN_ABOUT_RETURN_TYPE = YES_ERROR;
				GCC_WARN_UNDECLARED_SELECTOR = YES;
				GCC_WARN_UNINITIALIZED_AUTOS = YES_AGGRESSIVE;
				GCC_WARN_UNUSED_FUNCTION = YES;
				GCC_WARN_UNUSED_VARIABLE = YES;
				IPHONEOS_DEPLOYMENT_TARGET = 11.0;
				MTL_ENABLE_DEBUG_INFO = YES;
				ONLY_ACTIVE_ARCH = YES;
				SDKROOT = iphoneos;
				SWIFT_ACTIVE_COMPILATION_CONDITIONS = DEBUG;
				SWIFT_OPTIMIZATION_LEVEL = "-Onone";
			};
			name = Debug;
		};
		BDEC389A1FD6F6C700959063 /* Release */ = {
			isa = XCBuildConfiguration;
			buildSettings = {
				ALWAYS_SEARCH_USER_PATHS = NO;
				CLANG_ANALYZER_NONNULL = YES;
				CLANG_ANALYZER_NUMBER_OBJECT_CONVERSION = YES_AGGRESSIVE;
				CLANG_CXX_LANGUAGE_STANDARD = "gnu++14";
				CLANG_CXX_LIBRARY = "libc++";
				CLANG_ENABLE_MODULES = YES;
				CLANG_ENABLE_OBJC_ARC = YES;
				CLANG_WARN_BLOCK_CAPTURE_AUTORELEASING = YES;
				CLANG_WARN_BOOL_CONVERSION = YES;
				CLANG_WARN_COMMA = YES;
				CLANG_WARN_CONSTANT_CONVERSION = YES;
				CLANG_WARN_DIRECT_OBJC_ISA_USAGE = YES_ERROR;
				CLANG_WARN_DOCUMENTATION_COMMENTS = YES;
				CLANG_WARN_EMPTY_BODY = YES;
				CLANG_WARN_ENUM_CONVERSION = YES;
				CLANG_WARN_INFINITE_RECURSION = YES;
				CLANG_WARN_INT_CONVERSION = YES;
				CLANG_WARN_NON_LITERAL_NULL_CONVERSION = YES;
				CLANG_WARN_OBJC_LITERAL_CONVERSION = YES;
				CLANG_WARN_OBJC_ROOT_CLASS = YES_ERROR;
				CLANG_WARN_RANGE_LOOP_ANALYSIS = YES;
				CLANG_WARN_STRICT_PROTOTYPES = YES;
				CLANG_WARN_SUSPICIOUS_MOVE = YES;
				CLANG_WARN_UNGUARDED_AVAILABILITY = YES_AGGRESSIVE;
				CLANG_WARN_UNREACHABLE_CODE = YES;
				CLANG_WARN__DUPLICATE_METHOD_MATCH = YES;
				CODE_SIGN_IDENTITY = "iPhone Developer";
				COPY_PHASE_STRIP = NO;
				DEBUG_INFORMATION_FORMAT = "dwarf-with-dsym";
				ENABLE_NS_ASSERTIONS = NO;
				ENABLE_STRICT_OBJC_MSGSEND = YES;
				GCC_C_LANGUAGE_STANDARD = gnu11;
				GCC_NO_COMMON_BLOCKS = YES;
				GCC_WARN_64_TO_32_BIT_CONVERSION = YES;
				GCC_WARN_ABOUT_RETURN_TYPE = YES_ERROR;
				GCC_WARN_UNDECLARED_SELECTOR = YES;
				GCC_WARN_UNINITIALIZED_AUTOS = YES_AGGRESSIVE;
				GCC_WARN_UNUSED_FUNCTION = YES;
				GCC_WARN_UNUSED_VARIABLE = YES;
				IPHONEOS_DEPLOYMENT_TARGET = 11.0;
				MTL_ENABLE_DEBUG_INFO = NO;
				SDKROOT = iphoneos;
				SWIFT_OPTIMIZATION_LEVEL = "-Owholemodule";
				VALIDATE_PRODUCT = YES;
			};
			name = Release;
		};
		BDEC389C1FD6F6C700959063 /* Debug */ = {
			isa = XCBuildConfiguration;
			baseConfigurationReference = F29BD2E4BAB5F2534667D8DE /* Pods-SampleProject.debug.xcconfig */;
			buildSettings = {
				ASSETCATALOG_COMPILER_APPICON_NAME = AppIcon;
				CODE_SIGN_STYLE = Automatic;
				DEVELOPMENT_TEAM = 75AF4P3LCH;
				INFOPLIST_FILE = "$(SRCROOT)/SampleProject/Supporting Files/Info.plist";
				LD_RUNPATH_SEARCH_PATHS = "$(inherited) @executable_path/Frameworks";
				PRODUCT_BUNDLE_IDENTIFIER = com.aney00.SampleProject;
				PRODUCT_NAME = "$(TARGET_NAME)";
				SWIFT_VERSION = 4.0;
				TARGETED_DEVICE_FAMILY = "1,2";
			};
			name = Debug;
		};
		BDEC389D1FD6F6C700959063 /* Release */ = {
			isa = XCBuildConfiguration;
			baseConfigurationReference = 9D7A0E63193CB69952EF136A /* Pods-SampleProject.release.xcconfig */;
			buildSettings = {
				ASSETCATALOG_COMPILER_APPICON_NAME = AppIcon;
				CODE_SIGN_STYLE = Automatic;
				DEVELOPMENT_TEAM = 75AF4P3LCH;
				INFOPLIST_FILE = "$(SRCROOT)/SampleProject/Supporting Files/Info.plist";
				LD_RUNPATH_SEARCH_PATHS = "$(inherited) @executable_path/Frameworks";
				PRODUCT_BUNDLE_IDENTIFIER = com.aney00.SampleProject;
				PRODUCT_NAME = "$(TARGET_NAME)";
				SWIFT_VERSION = 4.0;
				TARGETED_DEVICE_FAMILY = "1,2";
			};
			name = Release;
		};
		BDEC389F1FD6F6C700959063 /* Debug */ = {
			isa = XCBuildConfiguration;
			baseConfigurationReference = 83B55B16218636F58BA3930E /* Pods-SampleProjectTests.debug.xcconfig */;
			buildSettings = {
				ALWAYS_EMBED_SWIFT_STANDARD_LIBRARIES = YES;
				BUNDLE_LOADER = "$(TEST_HOST)";
				CODE_SIGN_STYLE = Automatic;
				DEVELOPMENT_TEAM = 75AF4P3LCH;
				INFOPLIST_FILE = SampleProjectTests/Info.plist;
				LD_RUNPATH_SEARCH_PATHS = "$(inherited) @executable_path/Frameworks @loader_path/Frameworks";
				PRODUCT_BUNDLE_IDENTIFIER = com.aney00.SampleProjectTests;
				PRODUCT_NAME = "$(TARGET_NAME)";
				SWIFT_VERSION = 4.0;
				TARGETED_DEVICE_FAMILY = "1,2";
				TEST_HOST = "$(BUILT_PRODUCTS_DIR)/SampleProject.app/SampleProject";
			};
			name = Debug;
		};
		BDEC38A01FD6F6C700959063 /* Release */ = {
			isa = XCBuildConfiguration;
			baseConfigurationReference = E41DE44F718E1BE133CA1D10 /* Pods-SampleProjectTests.release.xcconfig */;
			buildSettings = {
				ALWAYS_EMBED_SWIFT_STANDARD_LIBRARIES = YES;
				BUNDLE_LOADER = "$(TEST_HOST)";
				CODE_SIGN_STYLE = Automatic;
				DEVELOPMENT_TEAM = 75AF4P3LCH;
				INFOPLIST_FILE = SampleProjectTests/Info.plist;
				LD_RUNPATH_SEARCH_PATHS = "$(inherited) @executable_path/Frameworks @loader_path/Frameworks";
				PRODUCT_BUNDLE_IDENTIFIER = com.aney00.SampleProjectTests;
				PRODUCT_NAME = "$(TARGET_NAME)";
				SWIFT_VERSION = 4.0;
				TARGETED_DEVICE_FAMILY = "1,2";
				TEST_HOST = "$(BUILT_PRODUCTS_DIR)/SampleProject.app/SampleProject";
			};
			name = Release;
		};
/* End XCBuildConfiguration section */

/* Begin XCConfigurationList section */
		BDEC38791FD6F6C700959063 /* Build configuration list for PBXProject "SampleProject" */ = {
			isa = XCConfigurationList;
			buildConfigurations = (
				BDEC38991FD6F6C700959063 /* Debug */,
				BDEC389A1FD6F6C700959063 /* Release */,
			);
			defaultConfigurationIsVisible = 0;
			defaultConfigurationName = Release;
		};
		BDEC389B1FD6F6C700959063 /* Build configuration list for PBXNativeTarget "SampleProject" */ = {
			isa = XCConfigurationList;
			buildConfigurations = (
				BDEC389C1FD6F6C700959063 /* Debug */,
				BDEC389D1FD6F6C700959063 /* Release */,
			);
			defaultConfigurationIsVisible = 0;
			defaultConfigurationName = Release;
		};
		BDEC389E1FD6F6C700959063 /* Build configuration list for PBXNativeTarget "SampleProjectTests" */ = {
			isa = XCConfigurationList;
			buildConfigurations = (
				BDEC389F1FD6F6C700959063 /* Debug */,
				BDEC38A01FD6F6C700959063 /* Release */,
			);
			defaultConfigurationIsVisible = 0;
			defaultConfigurationName = Release;
		};
/* End XCConfigurationList section */
	};
	rootObject = BDEC38761FD6F6C700959063 /* Project object */;
}
